
Microsoft Visual Studio Solution File, Format Version 12.00
# Visual Studio Version 16
VisualStudioVersion = 16.0.29324.140
MinimumVisualStudioVersion = 10.0.40219.1
Project("{FAE04EC0-301F-11D3-BF4B-00C04F79EFBC}") = "WindowsFormsApp7", "WindowsFormsApp7\WindowsFormsApp7.csproj", "{E3E535D5-AC51-4B2E-A65D-BBE6F099ADAF}"
EndProject
Global
	GlobalSection(SolutionConfigurationPlatforms) = preSolution
		Debug|Any CPU = Debug|Any CPU
		Release|Any CPU = Release|Any CPU
	EndGlobalSection
	GlobalSection(ProjectConfigurationPlatforms) = postSolution
		{E3E535D5-AC51-4B2E-A65D-BBE6F099ADAF}.Debug|Any CPU.ActiveCfg = Debug|Any CPU
		{E3E535D5-AC51-4B2E-A65D-BBE6F099ADAF}.Debug|Any CPU.Build.0 = Debug|Any CPU
		{E3E535D5-AC51-4B2E-A65D-BBE6F099ADAF}.Release|Any CPU.ActiveCfg = Release|Any CPU
		{E3E535D5-AC51-4B2E-A65D-BBE6F099ADAF}.Release|Any CPU.Build.0 = Release|Any CPU
	EndGlobalSection
	GlobalSection(SolutionProperties) = preSolution
		HideSolutionNode = FALSE
	EndGlobalSection
	GlobalSection(ExtensibilityGlobals) = postSolution
		SolutionGuid = {4303CFF5-17D9-4E53-A0B3-807325393BA9}
	EndGlobalSection
EndGlobal
